DEPENDENCIES
  apt (~> 2.0)
  haskell-platform
    git: git://github.com/osuosl-cookbooks/haskell-platform.git
    revision: 148bc16b609753743017411e39f2a6b48e2e4d5b
  omnibus

GRAPH
  7-zip (1.0.2)
    windows (>= 1.2.2)
  apt (2.4.0)
  build-essential (2.0.4)
  chef-sugar (2.0.0)
  chef_handler (1.1.6)
  haskell-platform (0.1.5)
    apt (>= 0.0.0)
    yum (>= 0.0.0)
    yum-epel (>= 0.0.0)
  homebrew (1.7.2)
  omnibus (2.2.0)
    7-zip (~> 1.0)
    build-essential (~> 2.0)
    chef-sugar (~> 2.0)
    homebrew (~> 1.5)
    windows (~> 1.30)
    wix (~> 1.1)
  windows (1.31.0)
    chef_handler (>= 0.0.0)
  wix (1.1.0)
    windows (>= 1.2.2)
  yum (3.2.2)
  yum-epel (0.3.6)
    yum (~> 3.0)
